
Microsoft Visual Studio Solution File, Format Version 12.00
Project("{FAE04EC0-301F-11D3-BF4B-00C04F79EFBC}") = "Store.Data", "Store.Data\Store.Data.csproj", "{166A0249-A7F4-4327-9952-0630E5BBE7DB}"
EndProject
Project("{FAE04EC0-301F-11D3-BF4B-00C04F79EFBC}") = "Store.Repository", "Store.Repository\Store.Repository.csproj", "{16758649-76A9-45DB-B5BF-DEDBC7C9555F}"
EndProject
Project("{FAE04EC0-301F-11D3-BF4B-00C04F79EFBC}") = "Store.Service", "Store.Service\Store.Service.csproj", "{C8EDC132-086B-4461-A5EF-DAB794DBAD53}"
EndProject
Project("{FAE04EC0-301F-11D3-BF4B-00C04F79EFBC}") = "Store.Web", "Store.Web\Store.Web.csproj", "{DEFAD4F0-8512-4B07-8906-4B610420FE2E}"
EndProject
Global
	GlobalSection(SolutionConfigurationPlatforms) = preSolution
		Debug|Any CPU = Debug|Any CPU
		Release|Any CPU = Release|Any CPU
	EndGlobalSection
	GlobalSection(ProjectConfigurationPlatforms) = postSolution
		{166A0249-A7F4-4327-9952-0630E5BBE7DB}.Debug|Any CPU.ActiveCfg = Debug|Any CPU
		{166A0249-A7F4-4327-9952-0630E5BBE7DB}.Debug|Any CPU.Build.0 = Debug|Any CPU
		{166A0249-A7F4-4327-9952-0630E5BBE7DB}.Release|Any CPU.ActiveCfg = Release|Any CPU
		{166A0249-A7F4-4327-9952-0630E5BBE7DB}.Release|Any CPU.Build.0 = Release|Any CPU
		{16758649-76A9-45DB-B5BF-DEDBC7C9555F}.Debug|Any CPU.ActiveCfg = Debug|Any CPU
		{16758649-76A9-45DB-B5BF-DEDBC7C9555F}.Debug|Any CPU.Build.0 = Debug|Any CPU
		{16758649-76A9-45DB-B5BF-DEDBC7C9555F}.Release|Any CPU.ActiveCfg = Release|Any CPU
		{16758649-76A9-45DB-B5BF-DEDBC7C9555F}.Release|Any CPU.Build.0 = Release|Any CPU
		{C8EDC132-086B-4461-A5EF-DAB794DBAD53}.Debug|Any CPU.ActiveCfg = Debug|Any CPU
		{C8EDC132-086B-4461-A5EF-DAB794DBAD53}.Debug|Any CPU.Build.0 = Debug|Any CPU
		{C8EDC132-086B-4461-A5EF-DAB794DBAD53}.Release|Any CPU.ActiveCfg = Release|Any CPU
		{C8EDC132-086B-4461-A5EF-DAB794DBAD53}.Release|Any CPU.Build.0 = Release|Any CPU
		{DEFAD4F0-8512-4B07-8906-4B610420FE2E}.Debug|Any CPU.ActiveCfg = Debug|Any CPU
		{DEFAD4F0-8512-4B07-8906-4B610420FE2E}.Debug|Any CPU.Build.0 = Debug|Any CPU
		{DEFAD4F0-8512-4B07-8906-4B610420FE2E}.Release|Any CPU.ActiveCfg = Release|Any CPU
		{DEFAD4F0-8512-4B07-8906-4B610420FE2E}.Release|Any CPU.Build.0 = Release|Any CPU
	EndGlobalSection
EndGlobal
